
Microsoft Visual Studio Solution File, Format Version 12.00
# Visual Studio Version 16
VisualStudioVersion = 16.0.29411.108
MinimumVisualStudioVersion = 10.0.40219.1
Project("{FAE04EC0-301F-11D3-BF4B-00C04F79EFBC}") = "AStar Pathfinding", "AStar Pathfinding.csproj", "{A7DEE69C-2567-45A5-9694-795832A800E0}"
EndProject
Global
	GlobalSection(SolutionConfigurationPlatforms) = preSolution
		Debug|Any CPU = Debug|Any CPU
		Release|Any CPU = Release|Any CPU
	EndGlobalSection
	GlobalSection(ProjectConfigurationPlatforms) = postSolution
		{A7DEE69C-2567-45A5-9694-795832A800E0}.Debug|Any CPU.ActiveCfg = Debug|Any CPU
		{A7DEE69C-2567-45A5-9694-795832A800E0}.Debug|Any CPU.Build.0 = Debug|Any CPU
		{A7DEE69C-2567-45A5-9694-795832A800E0}.Release|Any CPU.ActiveCfg = Release|Any CPU
		{A7DEE69C-2567-45A5-9694-795832A800E0}.Release|Any CPU.Build.0 = Release|Any CPU
	EndGlobalSection
	GlobalSection(SolutionProperties) = preSolution
		HideSolutionNode = FALSE
	EndGlobalSection
	GlobalSection(ExtensibilityGlobals) = postSolution
		SolutionGuid = {E46F2074-9111-48FB-8443-52F330576EAE}
	EndGlobalSection
EndGlobal
